
Microsoft Visual Studio Solution File, Format Version 12.00
# Visual Studio Version 17
VisualStudioVersion = 17.9.34701.34
MinimumVisualStudioVersion = 10.0.40219.1
Project("{FAE04EC0-301F-11D3-BF4B-00C04F79EFBC}") = "CitiConnect", "CitiConnect.csproj", "{B968881F-4AC1-45BA-8626-177562C9D867}"
EndProject
Project("{2150E333-8FDC-42A3-9474-1A3956D46DE8}") = "img", "img", "{D179469A-1683-4A66-B066-2F43A31ECC11}"
	ProjectSection(SolutionItems) = preProject
		..\citiconnect.png = ..\citiconnect.png
		..\logo.jpg = ..\logo.jpg
	EndProjectSection
EndProject
Global
	GlobalSection(SolutionConfigurationPlatforms) = preSolution
		Debug|Any CPU = Debug|Any CPU
		Release|Any CPU = Release|Any CPU
	EndGlobalSection
	GlobalSection(ProjectConfigurationPlatforms) = postSolution
		{B968881F-4AC1-45BA-8626-177562C9D867}.Debug|Any CPU.ActiveCfg = Debug|Any CPU
		{B968881F-4AC1-45BA-8626-177562C9D867}.Debug|Any CPU.Build.0 = Debug|Any CPU
		{B968881F-4AC1-45BA-8626-177562C9D867}.Release|Any CPU.ActiveCfg = Release|Any CPU
		{B968881F-4AC1-45BA-8626-177562C9D867}.Release|Any CPU.Build.0 = Release|Any CPU
	EndGlobalSection
	GlobalSection(SolutionProperties) = preSolution
		HideSolutionNode = FALSE
	EndGlobalSection
	GlobalSection(ExtensibilityGlobals) = postSolution
		SolutionGuid = {BD52D4BD-0EAE-44F3-8C26-60BA1862CDED}
	EndGlobalSection
EndGlobal
